
Microsoft Visual Studio Solution File, Format Version 12.00
# Visual Studio Version 16
VisualStudioVersion = 16.0.29728.190
MinimumVisualStudioVersion = 10.0.40219.1
Project("{8BC9CEB8-8B4A-11D0-8D11-00A0C91BC942}") = "Project1", "Project1\Project1.vcxproj", "{3C3F8162-1200-448A-8BBB-BC58DA76F809}"
EndProject
Global
	GlobalSection(SolutionConfigurationPlatforms) = preSolution
		Debug|x64 = Debug|x64
		Debug|x86 = Debug|x86
		Release|x64 = Release|x64
		Release|x86 = Release|x86
	EndGlobalSection
	GlobalSection(ProjectConfigurationPlatforms) = postSolution
		{3C3F8162-1200-448A-8BBB-BC58DA76F809}.Debug|x64.ActiveCfg = Debug|x64
		{3C3F8162-1200-448A-8BBB-BC58DA76F809}.Debug|x64.Build.0 = Debug|x64
		{3C3F8162-1200-448A-8BBB-BC58DA76F809}.Debug|x86.ActiveCfg = Debug|Win32
		{3C3F8162-1200-448A-8BBB-BC58DA76F809}.Debug|x86.Build.0 = Debug|Win32
		{3C3F8162-1200-448A-8BBB-BC58DA76F809}.Release|x64.ActiveCfg = Release|x64
		{3C3F8162-1200-448A-8BBB-BC58DA76F809}.Release|x64.Build.0 = Release|x64
		{3C3F8162-1200-448A-8BBB-BC58DA76F809}.Release|x86.ActiveCfg = Release|Win32
		{3C3F8162-1200-448A-8BBB-BC58DA76F809}.Release|x86.Build.0 = Release|Win32
	EndGlobalSection
	GlobalSection(SolutionProperties) = preSolution
		HideSolutionNode = FALSE
	EndGlobalSection
	GlobalSection(ExtensibilityGlobals) = postSolution
		SolutionGuid = {4C55337E-B11F-4960-9F2E-16E13E9F3CCC}
	EndGlobalSection
EndGlobal
